
Microsoft Visual Studio Solution File, Format Version 12.00
# Visual Studio Version 17
VisualStudioVersion = 17.13.35825.156 d17.13
MinimumVisualStudioVersion = 10.0.40219.1
Project("{FAE04EC0-301F-11D3-BF4B-00C04F79EFBC}") = "YarpWebAuthn", "YarpWebAuthn.csproj", "{955A15FC-15F5-3A8F-E4B8-E1CDF7E63B90}"
EndProject
Global
	GlobalSection(SolutionConfigurationPlatforms) = preSolution
		Debug|Any CPU = Debug|Any CPU
		Release|Any CPU = Release|Any CPU
	EndGlobalSection
	GlobalSection(ProjectConfigurationPlatforms) = postSolution
		{955A15FC-15F5-3A8F-E4B8-E1CDF7E63B90}.Debug|Any CPU.ActiveCfg = Debug|Any CPU
		{955A15FC-15F5-3A8F-E4B8-E1CDF7E63B90}.Debug|Any CPU.Build.0 = Debug|Any CPU
		{955A15FC-15F5-3A8F-E4B8-E1CDF7E63B90}.Release|Any CPU.ActiveCfg = Release|Any CPU
		{955A15FC-15F5-3A8F-E4B8-E1CDF7E63B90}.Release|Any CPU.Build.0 = Release|Any CPU
	EndGlobalSection
	GlobalSection(SolutionProperties) = preSolution
		HideSolutionNode = FALSE
	EndGlobalSection
	GlobalSection(ExtensibilityGlobals) = postSolution
		SolutionGuid = {01143C7C-01E0-40CF-AC4E-542FA7E189CE}
	EndGlobalSection
EndGlobal
